// !$*UTF8*$!
{
	archiveVersion = 1;
	classes = {
	};
	objectVersion = 56;
	objects = {

/* Begin PBXBuildFile section */
		AD8A3AAE293CEAFA00B33D0F /* gui.cpp in Sources */ = {isa = PBXBuildFile; fileRef = AD8A3AAD293CEAFA00B33D0F /* gui.cpp */; };
		ADF5A050290DCDB7005BC8E9 /* main.cpp in Sources */ = {isa = PBXBuildFile; fileRef = ADF5A04F290DCDB7005BC8E9 /* main.cpp */; };
/* End PBXBuildFile section */

/* Begin PBXCopyFilesBuildPhase section */
		ADF5A04A290DCDB7005BC8E9 /* CopyFiles */ = {
			isa = PBXCopyFilesBuildPhase;
			buildActionMask = 2147483647;
			dstPath = /usr/share/man/man1/;
			dstSubfolderSpec = 0;
			files = (
			);
			runOnlyForDeploymentPostprocessing = 1;
		};
/* End PBXCopyFilesBuildPhase section */

/* Begin PBXFileReference section */
		AD8A3A94293CE5D400B33D0F /* box.h */ = {isa = PBXFileReference; fileEncoding = 4; lastKnownFileType = sourcecode.c.h; path = box.h; sourceTree = "<group>"; };
		AD8A3A95293CE5D400B33D0F /* bvh.h */ = {isa = PBXFileReference; fileEncoding = 4; lastKnownFileType = sourcecode.c.h; path = bvh.h; sourceTree = "<group>"; };
		AD8A3A96293CE5D400B33D0F /* moving_sphere.h */ = {isa = PBXFileReference; fileEncoding = 4; lastKnownFileType = sourcecode.c.h; path = moving_sphere.h; sourceTree = "<group>"; };
		AD8A3A97293CE5D400B33D0F /* sphere.h */ = {isa = PBXFileReference; fileEncoding = 4; lastKnownFileType = sourcecode.c.h; path = sphere.h; sourceTree = "<group>"; };
		AD8A3A98293CE5D400B33D0F /* aabb.h */ = {isa = PBXFileReference; fileEncoding = 4; lastKnownFileType = sourcecode.c.h; path = aabb.h; sourceTree = "<group>"; };
		AD8A3A99293CE5D400B33D0F /* mesh.h */ = {isa = PBXFileReference; fileEncoding = 4; lastKnownFileType = sourcecode.c.h; path = mesh.h; sourceTree = "<group>"; };
		AD8A3A9A293CE5D400B33D0F /* triangle.h */ = {isa = PBXFileReference; fileEncoding = 4; lastKnownFileType = sourcecode.c.h; path = triangle.h; sourceTree = "<group>"; };
		AD8A3A9B293CE5D400B33D0F /* aarect.h */ = {isa = PBXFileReference; fileEncoding = 4; lastKnownFileType = sourcecode.c.h; path = aarect.h; sourceTree = "<group>"; };
		AD8A3A9F293CEA4100B33D0F /* camera.h */ = {isa = PBXFileReference; fileEncoding = 4; lastKnownFileType = sourcecode.c.h; path = camera.h; sourceTree = "<group>"; };
		AD8A3AA0293CEA4100B33D0F /* hittable.h */ = {isa = PBXFileReference; fileEncoding = 4; lastKnownFileType = sourcecode.c.h; path = hittable.h; sourceTree = "<group>"; };
		AD8A3AA1293CEA4100B33D0F /* constant_medium.h */ = {isa = PBXFileReference; fileEncoding = 4; lastKnownFileType = sourcecode.c.h; path = constant_medium.h; sourceTree = "<group>"; };
		AD8A3AA2293CEA4100B33D0F /* hittable_list.h */ = {isa = PBXFileReference; fileEncoding = 4; lastKnownFileType = sourcecode.c.h; path = hittable_list.h; sourceTree = "<group>"; };
		AD8A3AA3293CEA5000B33D0F /* texture.h */ = {isa = PBXFileReference; fileEncoding = 4; lastKnownFileType = sourcecode.c.h; path = texture.h; sourceTree = "<group>"; };
		AD8A3AA4293CEA5000B33D0F /* material.h */ = {isa = PBXFileReference; fileEncoding = 4; lastKnownFileType = sourcecode.c.h; path = material.h; sourceTree = "<group>"; };
		AD8A3AA5293CEA5000B33D0F /* perlin.h */ = {isa = PBXFileReference; fileEncoding = 4; lastKnownFileType = sourcecode.c.h; path = perlin.h; sourceTree = "<group>"; };
		AD8A3AA7293CEAF100B33D0F /* color.h */ = {isa = PBXFileReference; fileEncoding = 4; lastKnownFileType = sourcecode.c.h; path = color.h; sourceTree = "<group>"; };
		AD8A3AA8293CEAF100B33D0F /* ray.h */ = {isa = PBXFileReference; fileEncoding = 4; lastKnownFileType = sourcecode.c.h; path = ray.h; sourceTree = "<group>"; };
		AD8A3AA9293CEAF100B33D0F /* vec3.h */ = {isa = PBXFileReference; fileEncoding = 4; lastKnownFileType = sourcecode.c.h; path = vec3.h; sourceTree = "<group>"; };
		AD8A3AAA293CEAFA00B33D0F /* gui.h */ = {isa = PBXFileReference; fileEncoding = 4; lastKnownFileType = sourcecode.c.h; path = gui.h; sourceTree = "<group>"; };
		AD8A3AAB293CEAFA00B33D0F /* rtweekend.h */ = {isa = PBXFileReference; fileEncoding = 4; lastKnownFileType = sourcecode.c.h; path = rtweekend.h; sourceTree = "<group>"; };
		AD8A3AAC293CEAFA00B33D0F /* threadpool.h */ = {isa = PBXFileReference; fileEncoding = 4; lastKnownFileType = sourcecode.c.h; path = threadpool.h; sourceTree = "<group>"; };
		AD8A3AAD293CEAFA00B33D0F /* gui.cpp */ = {isa = PBXFileReference; fileEncoding = 4; lastKnownFileType = sourcecode.cpp.cpp; path = gui.cpp; sourceTree = "<group>"; };
		AD8A3AAF293D301000B33D0F /* imageio.h */ = {isa = PBXFileReference; fileEncoding = 4; lastKnownFileType = sourcecode.c.h; path = imageio.h; sourceTree = "<group>"; };
		AD8A3AB0293D311200B33D0F /* engine.h */ = {isa = PBXFileReference; fileEncoding = 4; lastKnownFileType = sourcecode.c.h; path = engine.h; sourceTree = "<group>"; };
		AD8A3AB1293D406000B33D0F /* stb_image_write.h */ = {isa = PBXFileReference; fileEncoding = 4; lastKnownFileType = sourcecode.c.h; path = stb_image_write.h; sourceTree = "<group>"; };
		ADC24BFD292987B200A97304 /* rapidobj.hpp */ = {isa = PBXFileReference; fileEncoding = 4; lastKnownFileType = sourcecode.cpp.h; path = rapidobj.hpp; sourceTree = "<group>"; };
		ADC24BFE292987B200A97304 /* LICENSE */ = {isa = PBXFileReference; fileEncoding = 4; lastKnownFileType = text; path = LICENSE; sourceTree = "<group>"; };
		ADC24C052932743800A97304 /* stb_image.h */ = {isa = PBXFileReference; fileEncoding = 4; lastKnownFileType = sourcecode.c.h; path = stb_image.h; sourceTree = "<group>"; };
		ADC78928291B053900140049 /* CImg.h */ = {isa = PBXFileReference; fileEncoding = 4; lastKnownFileType = sourcecode.c.h; path = CImg.h; sourceTree = "<group>"; };
		ADF5A04C290DCDB7005BC8E9 /* raycaster */ = {isa = PBXFileReference; explicitFileType = "compiled.mach-o.executable"; includeInIndex = 0; path = raycaster; sourceTree = BUILT_PRODUCTS_DIR; };
		ADF5A04F290DCDB7005BC8E9 /* main.cpp */ = {isa = PBXFileReference; lastKnownFileType = sourcecode.cpp.cpp; path = main.cpp; sourceTree = "<group>"; };
/* End PBXFileReference section */

/* Begin PBXFrameworksBuildPhase section */
		ADF5A049290DCDB7005BC8E9 /* Frameworks */ = {
			isa = PBXFrameworksBuildPhase;
			buildActionMask = 2147483647;
			files = (
			);
			runOnlyForDeploymentPostprocessing = 0;
		};
/* End PBXFrameworksBuildPhase section */

/* Begin PBXGroup section */
		AD8A3A93293CE56800B33D0F /* primitives */ = {
			isa = PBXGroup;
			children = (
				AD8A3A98293CE5D400B33D0F /* aabb.h */,
				AD8A3A9B293CE5D400B33D0F /* aarect.h */,
				AD8A3A94293CE5D400B33D0F /* box.h */,
				AD8A3A95293CE5D400B33D0F /* bvh.h */,
				AD8A3A99293CE5D400B33D0F /* mesh.h */,
				AD8A3A96293CE5D400B33D0F /* moving_sphere.h */,
				AD8A3A97293CE5D400B33D0F /* sphere.h */,
				AD8A3A9A293CE5D400B33D0F /* triangle.h */,
			);
			path = primitives;
			sourceTree = "<group>";
		};
		AD8A3A9C293CE7DD00B33D0F /* rendering */ = {
			isa = PBXGroup;
			children = (
				AD8A3AA4293CEA5000B33D0F /* material.h */,
				AD8A3AA5293CEA5000B33D0F /* perlin.h */,
				AD8A3AA3293CEA5000B33D0F /* texture.h */,
			);
			path = rendering;
			sourceTree = "<group>";
		};
		AD8A3A9D293CE7E800B33D0F /* engine */ = {
			isa = PBXGroup;
			children = (
				AD8A3AB0293D311200B33D0F /* engine.h */,
				AD8A3A9F293CEA4100B33D0F /* camera.h */,
				AD8A3AA1293CEA4100B33D0F /* constant_medium.h */,
				AD8A3AA2293CEA4100B33D0F /* hittable_list.h */,
				AD8A3AA0293CEA4100B33D0F /* hittable.h */,
			);
			path = engine;
			sourceTree = "<group>";
		};
		AD8A3A9E293CE91D00B33D0F /* core */ = {
			isa = PBXGroup;
			children = (
				AD8A3AA7293CEAF100B33D0F /* color.h */,
				AD8A3AA8293CEAF100B33D0F /* ray.h */,
				AD8A3AA9293CEAF100B33D0F /* vec3.h */,
			);
			path = core;
			sourceTree = "<group>";
		};
		AD8A3AA6293CEAC300B33D0F /* utils */ = {
			isa = PBXGroup;
			children = (
				AD8A3AAF293D301000B33D0F /* imageio.h */,
				AD8A3AAD293CEAFA00B33D0F /* gui.cpp */,
				AD8A3AAA293CEAFA00B33D0F /* gui.h */,
				AD8A3AAB293CEAFA00B33D0F /* rtweekend.h */,
				AD8A3AAC293CEAFA00B33D0F /* threadpool.h */,
			);
			path = utils;
			sourceTree = "<group>";
		};
		ADC24BFC2929874100A97304 /* rapidobj */ = {
			isa = PBXGroup;
			children = (
				ADC24BFE292987B200A97304 /* LICENSE */,
				ADC24BFD292987B200A97304 /* rapidobj.hpp */,
			);
			path = rapidobj;
			sourceTree = "<group>";
		};
		ADC24C042932740800A97304 /* stb */ = {
			isa = PBXGroup;
			children = (
				AD8A3AB1293D406000B33D0F /* stb_image_write.h */,
				ADC24C052932743800A97304 /* stb_image.h */,
			);
			path = stb;
			sourceTree = "<group>";
		};
		ADC78925291B046300140049 /* 3rd_parties */ = {
			isa = PBXGroup;
			children = (
				ADC24C042932740800A97304 /* stb */,
				ADC24BFC2929874100A97304 /* rapidobj */,
				ADC78926291B04E800140049 /* CImg */,
			);
			path = 3rd_parties;
			sourceTree = "<group>";
		};
		ADC78926291B04E800140049 /* CImg */ = {
			isa = PBXGroup;
			children = (
				ADC78928291B053900140049 /* CImg.h */,
			);
			path = CImg;
			sourceTree = "<group>";
		};
		ADF5A043290DCDB7005BC8E9 = {
			isa = PBXGroup;
			children = (
				ADC78925291B046300140049 /* 3rd_parties */,
				ADF5A04E290DCDB7005BC8E9 /* src */,
				ADF5A04D290DCDB7005BC8E9 /* Products */,
			);
			sourceTree = "<group>";
		};
		ADF5A04D290DCDB7005BC8E9 /* Products */ = {
			isa = PBXGroup;
			children = (
				ADF5A04C290DCDB7005BC8E9 /* raycaster */,
			);
			name = Products;
			sourceTree = "<group>";
		};
		ADF5A04E290DCDB7005BC8E9 /* src */ = {
			isa = PBXGroup;
			children = (
				AD8A3AA6293CEAC300B33D0F /* utils */,
				AD8A3A9E293CE91D00B33D0F /* core */,
				AD8A3A9D293CE7E800B33D0F /* engine */,
				AD8A3A9C293CE7DD00B33D0F /* rendering */,
				AD8A3A93293CE56800B33D0F /* primitives */,
				ADF5A04F290DCDB7005BC8E9 /* main.cpp */,
			);
			path = src;
			sourceTree = "<group>";
		};
/* End PBXGroup section */

/* Begin PBXNativeTarget section */
		ADF5A04B290DCDB7005BC8E9 /* raycaster */ = {
			isa = PBXNativeTarget;
			buildConfigurationList = ADF5A053290DCDB7005BC8E9 /* Build configuration list for PBXNativeTarget "raycaster" */;
			buildPhases = (
				ADF5A048290DCDB7005BC8E9 /* Sources */,
				ADF5A049290DCDB7005BC8E9 /* Frameworks */,
				ADF5A04A290DCDB7005BC8E9 /* CopyFiles */,
			);
			buildRules = (
			);
			dependencies = (
			);
			name = raycaster;
			productName = raycaster;
			productReference = ADF5A04C290DCDB7005BC8E9 /* raycaster */;
			productType = "com.apple.product-type.tool";
		};
/* End PBXNativeTarget section */

/* Begin PBXProject section */
		ADF5A044290DCDB7005BC8E9 /* Project object */ = {
			isa = PBXProject;
			attributes = {
				BuildIndependentTargetsInParallel = 1;
				LastUpgradeCheck = 1400;
				TargetAttributes = {
					ADF5A04B290DCDB7005BC8E9 = {
						CreatedOnToolsVersion = 14.0.1;
					};
				};
			};
			buildConfigurationList = ADF5A047290DCDB7005BC8E9 /* Build configuration list for PBXProject "raycaster" */;
			compatibilityVersion = "Xcode 14.0";
			developmentRegion = en;
			hasScannedForEncodings = 0;
			knownRegions = (
				en,
				Base,
			);
			mainGroup = ADF5A043290DCDB7005BC8E9;
			productRefGroup = ADF5A04D290DCDB7005BC8E9 /* Products */;
			projectDirPath = "";
			projectRoot = "";
			targets = (
				ADF5A04B290DCDB7005BC8E9 /* raycaster */,
			);
		};
/* End PBXProject section */

/* Begin PBXSourcesBuildPhase section */
		ADF5A048290DCDB7005BC8E9 /* Sources */ = {
			isa = PBXSourcesBuildPhase;
			buildActionMask = 2147483647;
			files = (
				ADF5A050290DCDB7005BC8E9 /* main.cpp in Sources */,
				AD8A3AAE293CEAFA00B33D0F /* gui.cpp in Sources */,
			);
			runOnlyForDeploymentPostprocessing = 0;
		};
/* End PBXSourcesBuildPhase section */

/* Begin XCBuildConfiguration section */
		ADF5A051290DCDB7005BC8E9 /* Debug */ = {
			isa = XCBuildConfiguration;
			buildSettings = {
				ALWAYS_SEARCH_USER_PATHS = NO;
				CLANG_ANALYZER_NONNULL = YES;
				CLANG_ANALYZER_NUMBER_OBJECT_CONVERSION = YES_AGGRESSIVE;
				CLANG_CXX_LANGUAGE_STANDARD = "gnu++20";
				CLANG_ENABLE_MODULES = YES;
				CLANG_ENABLE_OBJC_ARC = YES;
				CLANG_ENABLE_OBJC_WEAK = YES;
				CLANG_WARN_BLOCK_CAPTURE_AUTORELEASING = YES;
				CLANG_WARN_BOOL_CONVERSION = YES;
				CLANG_WARN_COMMA = YES;
				CLANG_WARN_CONSTANT_CONVERSION = YES;
				CLANG_WARN_DEPRECATED_OBJC_IMPLEMENTATIONS = YES;
				CLANG_WARN_DIRECT_OBJC_ISA_USAGE = YES_ERROR;
				CLANG_WARN_DOCUMENTATION_COMMENTS = YES;
				CLANG_WARN_EMPTY_BODY = YES;
				CLANG_WARN_ENUM_CONVERSION = YES;
				CLANG_WARN_INFINITE_RECURSION = YES;
				CLANG_WARN_INT_CONVERSION = YES;
				CLANG_WARN_NON_LITERAL_NULL_CONVERSION = YES;
				CLANG_WARN_OBJC_IMPLICIT_RETAIN_SELF = YES;
				CLANG_WARN_OBJC_LITERAL_CONVERSION = YES;
				CLANG_WARN_OBJC_ROOT_CLASS = YES_ERROR;
				CLANG_WARN_QUOTED_INCLUDE_IN_FRAMEWORK_HEADER = YES;
				CLANG_WARN_RANGE_LOOP_ANALYSIS = YES;
				CLANG_WARN_STRICT_PROTOTYPES = YES;
				CLANG_WARN_SUSPICIOUS_MOVE = YES;
				CLANG_WARN_UNGUARDED_AVAILABILITY = YES_AGGRESSIVE;
				CLANG_WARN_UNREACHABLE_CODE = YES;
				CLANG_WARN__DUPLICATE_METHOD_MATCH = YES;
				COPY_PHASE_STRIP = NO;
				DEBUG_INFORMATION_FORMAT = dwarf;
				ENABLE_STRICT_OBJC_MSGSEND = YES;
				ENABLE_TESTABILITY = YES;
				GCC_C_LANGUAGE_STANDARD = gnu11;
				GCC_DYNAMIC_NO_PIC = NO;
				GCC_NO_COMMON_BLOCKS = YES;
				GCC_OPTIMIZATION_LEVEL = 0;
				GCC_PREPROCESSOR_DEFINITIONS = (
					"DEBUG=1",
					"$(inherited)",
				);
				GCC_WARN_64_TO_32_BIT_CONVERSION = YES;
				GCC_WARN_ABOUT_RETURN_TYPE = YES_ERROR;
				GCC_WARN_UNDECLARED_SELECTOR = YES;
				GCC_WARN_UNINITIALIZED_AUTOS = YES_AGGRESSIVE;
				GCC_WARN_UNUSED_FUNCTION = YES;
				GCC_WARN_UNUSED_VARIABLE = YES;
				MACOSX_DEPLOYMENT_TARGET = 12.3;
				MTL_ENABLE_DEBUG_INFO = INCLUDE_SOURCE;
				MTL_FAST_MATH = YES;
				ONLY_ACTIVE_ARCH = YES;
				SDKROOT = macosx;
			};
			name = Debug;
		};
		ADF5A052290DCDB7005BC8E9 /* Release */ = {
			isa = XCBuildConfiguration;
			buildSettings = {
				ALWAYS_SEARCH_USER_PATHS = NO;
				CLANG_ANALYZER_NONNULL = YES;
				CLANG_ANALYZER_NUMBER_OBJECT_CONVERSION = YES_AGGRESSIVE;
				CLANG_CXX_LANGUAGE_STANDARD = "gnu++20";
				CLANG_ENABLE_MODULES = YES;
				CLANG_ENABLE_OBJC_ARC = YES;
				CLANG_ENABLE_OBJC_WEAK = YES;
				CLANG_WARN_BLOCK_CAPTURE_AUTORELEASING = YES;
				CLANG_WARN_BOOL_CONVERSION = YES;
				CLANG_WARN_COMMA = YES;
				CLANG_WARN_CONSTANT_CONVERSION = YES;
				CLANG_WARN_DEPRECATED_OBJC_IMPLEMENTATIONS = YES;
				CLANG_WARN_DIRECT_OBJC_ISA_USAGE = YES_ERROR;
				CLANG_WARN_DOCUMENTATION_COMMENTS = YES;
				CLANG_WARN_EMPTY_BODY = YES;
				CLANG_WARN_ENUM_CONVERSION = YES;
				CLANG_WARN_INFINITE_RECURSION = YES;
				CLANG_WARN_INT_CONVERSION = YES;
				CLANG_WARN_NON_LITERAL_NULL_CONVERSION = YES;
				CLANG_WARN_OBJC_IMPLICIT_RETAIN_SELF = YES;
				CLANG_WARN_OBJC_LITERAL_CONVERSION = YES;
				CLANG_WARN_OBJC_ROOT_CLASS = YES_ERROR;
				CLANG_WARN_QUOTED_INCLUDE_IN_FRAMEWORK_HEADER = YES;
				CLANG_WARN_RANGE_LOOP_ANALYSIS = YES;
				CLANG_WARN_STRICT_PROTOTYPES = YES;
				CLANG_WARN_SUSPICIOUS_MOVE = YES;
				CLANG_WARN_UNGUARDED_AVAILABILITY = YES_AGGRESSIVE;
				CLANG_WARN_UNREACHABLE_CODE = YES;
				CLANG_WARN__DUPLICATE_METHOD_MATCH = YES;
				COPY_PHASE_STRIP = NO;
				DEBUG_INFORMATION_FORMAT = "dwarf-with-dsym";
				ENABLE_NS_ASSERTIONS = NO;
				ENABLE_STRICT_OBJC_MSGSEND = YES;
				GCC_C_LANGUAGE_STANDARD = gnu11;
				GCC_NO_COMMON_BLOCKS = YES;
				GCC_WARN_64_TO_32_BIT_CONVERSION = YES;
				GCC_WARN_ABOUT_RETURN_TYPE = YES_ERROR;
				GCC_WARN_UNDECLARED_SELECTOR = YES;
				GCC_WARN_UNINITIALIZED_AUTOS = YES_AGGRESSIVE;
				GCC_WARN_UNUSED_FUNCTION = YES;
				GCC_WARN_UNUSED_VARIABLE = YES;
				MACOSX_DEPLOYMENT_TARGET = 12.3;
				MTL_ENABLE_DEBUG_INFO = NO;
				MTL_FAST_MATH = YES;
				SDKROOT = macosx;
			};
			name = Release;
		};
		ADF5A054290DCDB7005BC8E9 /* Debug */ = {
			isa = XCBuildConfiguration;
			buildSettings = {
				CLANG_CXX_LANGUAGE_STANDARD = "c++20";
				CODE_SIGN_STYLE = Automatic;
				HEADER_SEARCH_PATHS = /opt/X11/include;
				LIBRARY_SEARCH_PATHS = /opt/X11/lib;
				OTHER_CPLUSPLUSFLAGS = "$(OTHER_CFLAGS)";
				OTHER_LDFLAGS = "-lX11";
				PRODUCT_NAME = "$(TARGET_NAME)";
			};
			name = Debug;
		};
		ADF5A055290DCDB7005BC8E9 /* Release */ = {
			isa = XCBuildConfiguration;
			buildSettings = {
				CLANG_CXX_LANGUAGE_STANDARD = "c++20";
				CODE_SIGN_STYLE = Automatic;
				HEADER_SEARCH_PATHS = /opt/X11/include;
				LIBRARY_SEARCH_PATHS = /opt/X11/lib;
				OTHER_CPLUSPLUSFLAGS = "$(OTHER_CFLAGS)";
				OTHER_LDFLAGS = "-lX11";
				PRODUCT_NAME = "$(TARGET_NAME)";
			};
			name = Release;
		};
/* End XCBuildConfiguration section */

/* Begin XCConfigurationList section */
		ADF5A047290DCDB7005BC8E9 /* Build configuration list for PBXProject "raycaster" */ = {
			isa = XCConfigurationList;
			buildConfigurations = (
				ADF5A051290DCDB7005BC8E9 /* Debug */,
				ADF5A052290DCDB7005BC8E9 /* Release */,
			);
			defaultConfigurationIsVisible = 0;
			defaultConfigurationName = Release;
		};
		ADF5A053290DCDB7005BC8E9 /* Build configuration list for PBXNativeTarget "raycaster" */ = {
			isa = XCConfigurationList;
			buildConfigurations = (
				ADF5A054290DCDB7005BC8E9 /* Debug */,
				ADF5A055290DCDB7005BC8E9 /* Release */,
			);
			defaultConfigurationIsVisible = 0;
			defaultConfigurationName = Release;
		};
/* End XCConfigurationList section */
	};
	rootObject = ADF5A044290DCDB7005BC8E9 /* Project object */;
}
